
Microsoft Visual Studio Solution File, Format Version 12.00
# Visual Studio Version 16
VisualStudioVersion = 16.0.29911.84
MinimumVisualStudioVersion = 10.0.40219.1
Project("{FAE04EC0-301F-11D3-BF4B-00C04F79EFBC}") = "CMS", "CMS\CMS.csproj", "{E754679F-48EA-4CCD-BE80-E82E6011AEE7}"
EndProject
Global
	GlobalSection(SolutionConfigurationPlatforms) = preSolution
		Debug|Any CPU = Debug|Any CPU
		Release|Any CPU = Release|Any CPU
	EndGlobalSection
	GlobalSection(ProjectConfigurationPlatforms) = postSolution
		{E754679F-48EA-4CCD-BE80-E82E6011AEE7}.Debug|Any CPU.ActiveCfg = Debug|Any CPU
		{E754679F-48EA-4CCD-BE80-E82E6011AEE7}.Debug|Any CPU.Build.0 = Debug|Any CPU
		{E754679F-48EA-4CCD-BE80-E82E6011AEE7}.Release|Any CPU.ActiveCfg = Release|Any CPU
		{E754679F-48EA-4CCD-BE80-E82E6011AEE7}.Release|Any CPU.Build.0 = Release|Any CPU
	EndGlobalSection
	GlobalSection(SolutionProperties) = preSolution
		HideSolutionNode = FALSE
	EndGlobalSection
	GlobalSection(ExtensibilityGlobals) = postSolution
		SolutionGuid = {83DD03CC-7ADB-40B9-A837-16EA43E08C6B}
	EndGlobalSection
EndGlobal
