
Microsoft Visual Studio Solution File, Format Version 12.00
# Visual Studio Version 16
VisualStudioVersion = 16.0.30011.22
MinimumVisualStudioVersion = 10.0.40219.1
Project("{FAE04EC0-301F-11D3-BF4B-00C04F79EFBC}") = "PayPI", "PayPI\PayPI.csproj", "{0C694435-DC83-40CD-856B-02F148D0C0A1}"
EndProject
Global
	GlobalSection(SolutionConfigurationPlatforms) = preSolution
		Debug|Any CPU = Debug|Any CPU
		Release|Any CPU = Release|Any CPU
	EndGlobalSection
	GlobalSection(ProjectConfigurationPlatforms) = postSolution
		{0C694435-DC83-40CD-856B-02F148D0C0A1}.Debug|Any CPU.ActiveCfg = Debug|Any CPU
		{0C694435-DC83-40CD-856B-02F148D0C0A1}.Debug|Any CPU.Build.0 = Debug|Any CPU
		{0C694435-DC83-40CD-856B-02F148D0C0A1}.Release|Any CPU.ActiveCfg = Release|Any CPU
		{0C694435-DC83-40CD-856B-02F148D0C0A1}.Release|Any CPU.Build.0 = Release|Any CPU
	EndGlobalSection
	GlobalSection(SolutionProperties) = preSolution
		HideSolutionNode = FALSE
	EndGlobalSection
	GlobalSection(ExtensibilityGlobals) = postSolution
		SolutionGuid = {B032DE27-1FA8-4F57-829A-9C18A8BA2EE2}
	EndGlobalSection
EndGlobal
